Microsoft Visual Studio Solution File, Format Version 11.00
# Visual Studio 2008

Project("{0CCB67AA-D52E-945F-113C-B5392720696D}") = "kettu", "Assembly-CSharp.csproj", "{7D123C0A-0493-7C92-C07E-E40938F70D28}"
EndProject
Global
	GlobalSection(SolutionConfigurationPlatforms) = preSolution
		Debug|Any CPU = Debug|Any CPU
		Release|Any CPU = Release|Any CPU
	EndGlobalSection
	GlobalSection(ProjectConfigurationPlatforms) = postSolution
		{7D123C0A-0493-7C92-C07E-E40938F70D28}.Debug|Any CPU.ActiveCfg = Debug|Any CPU
		{7D123C0A-0493-7C92-C07E-E40938F70D28}.Debug|Any CPU.Build.0 = Debug|Any CPU
		{7D123C0A-0493-7C92-C07E-E40938F70D28}.Release|Any CPU.ActiveCfg = Release|Any CPU
		{7D123C0A-0493-7C92-C07E-E40938F70D28}.Release|Any CPU.Build.0 = Release|Any CPU
	EndGlobalSection
	GlobalSection(SolutionProperties) = preSolution
		HideSolutionNode = FALSE
	EndGlobalSection
	GlobalSection(MonoDevelopProperties) = preSolution
		StartupItem = Assembly-CSharp.csproj
	EndGlobalSection
EndGlobal
